
Microsoft Visual Studio Solution File, Format Version 12.00
Project("{FAE04EC0-301F-11D3-BF4B-00C04F79EFBC}") = "VkAudioDownloader", "VkAudioDownloader\VkAudioDownloader.csproj", "{5F117DA9-78F4-4362-AD98-0231B81511E9}"
EndProject
Project("{FAE04EC0-301F-11D3-BF4B-00C04F79EFBC}") = "VkAudioDownloader.CLI", "VkAudioDownloader.CLI\VkAudioDownloader.CLI.csproj", "{5ECC83C5-B53F-4CA7-ABDE-E2ACE8F48FED}"
EndProject
Project("{2150E333-8FDC-42A3-9474-1A3956D46DE8}") = "sulution_items", "sulution_items", "{2CBCAE99-53A3-4ADE-A08B-5755EC471878}"
	ProjectSection(SolutionItems) = preProject
		.gitignore = .gitignore
		pack.sh = pack.sh
		push_packages.sh = push_packages.sh
	EndProjectSection
EndProject
Global
	GlobalSection(SolutionConfigurationPlatforms) = preSolution
		Debug|Any CPU = Debug|Any CPU
		Release|Any CPU = Release|Any CPU
	EndGlobalSection
	GlobalSection(ProjectConfigurationPlatforms) = postSolution
		{5F117DA9-78F4-4362-AD98-0231B81511E9}.Debug|Any CPU.ActiveCfg = Debug|Any CPU
		{5F117DA9-78F4-4362-AD98-0231B81511E9}.Debug|Any CPU.Build.0 = Debug|Any CPU
		{5F117DA9-78F4-4362-AD98-0231B81511E9}.Release|Any CPU.ActiveCfg = Release|Any CPU
		{5F117DA9-78F4-4362-AD98-0231B81511E9}.Release|Any CPU.Build.0 = Release|Any CPU
		{5ECC83C5-B53F-4CA7-ABDE-E2ACE8F48FED}.Debug|Any CPU.ActiveCfg = Debug|Any CPU
		{5ECC83C5-B53F-4CA7-ABDE-E2ACE8F48FED}.Debug|Any CPU.Build.0 = Debug|Any CPU
		{5ECC83C5-B53F-4CA7-ABDE-E2ACE8F48FED}.Release|Any CPU.ActiveCfg = Release|Any CPU
		{5ECC83C5-B53F-4CA7-ABDE-E2ACE8F48FED}.Release|Any CPU.Build.0 = Release|Any CPU
	EndGlobalSection
EndGlobal
